
Microsoft Visual Studio Solution File, Format Version 12.00
# Visual Studio Version 16
VisualStudioVersion = 25.0.1705.4
MinimumVisualStudioVersion = 10.0.40219.1
Project("{FAE04EC0-301F-11D3-BF4B-00C04F79EFBC}") = "KadimGrossAvenSellWebApi", "KadimGrossAvenSellWebApi\KadimGrossAvenSellWebApi.csproj", "{88092053-911E-49E4-8644-CF016AE52B52}"
EndProject
Project("{FAE04EC0-301F-11D3-BF4B-00C04F79EFBC}") = "Entity", "Entity\Entity.csproj", "{DDBB9DE1-E45E-4F69-A2A4-E38D34256AF2}"
EndProject
Project("{FAE04EC0-301F-11D3-BF4B-00C04F79EFBC}") = "Business", "Business\Business.csproj", "{F1F84A4F-C452-4167-8648-0A197E0C395D}"
EndProject
Project("{FAE04EC0-301F-11D3-BF4B-00C04F79EFBC}") = "DataAccess", "DataAccess\DataAccess.csproj", "{07C4F33B-004C-4F63-885B-BAF04460255B}"
EndProject
Project("{FAE04EC0-301F-11D3-BF4B-00C04F79EFBC}") = "Core", "Core\Core.csproj", "{3CB24D53-4B92-41D5-BDB7-565241044DDB}"
EndProject
Global
	GlobalSection(SolutionConfigurationPlatforms) = preSolution
		Debug|Any CPU = Debug|Any CPU
		Release|Any CPU = Release|Any CPU
	EndGlobalSection
	GlobalSection(ProjectConfigurationPlatforms) = postSolution
		{88092053-911E-49E4-8644-CF016AE52B52}.Debug|Any CPU.ActiveCfg = Debug|Any CPU
		{88092053-911E-49E4-8644-CF016AE52B52}.Debug|Any CPU.Build.0 = Debug|Any CPU
		{88092053-911E-49E4-8644-CF016AE52B52}.Release|Any CPU.ActiveCfg = Release|Any CPU
		{88092053-911E-49E4-8644-CF016AE52B52}.Release|Any CPU.Build.0 = Release|Any CPU
		{DDBB9DE1-E45E-4F69-A2A4-E38D34256AF2}.Debug|Any CPU.ActiveCfg = Debug|Any CPU
		{DDBB9DE1-E45E-4F69-A2A4-E38D34256AF2}.Debug|Any CPU.Build.0 = Debug|Any CPU
		{DDBB9DE1-E45E-4F69-A2A4-E38D34256AF2}.Release|Any CPU.ActiveCfg = Release|Any CPU
		{DDBB9DE1-E45E-4F69-A2A4-E38D34256AF2}.Release|Any CPU.Build.0 = Release|Any CPU
		{F1F84A4F-C452-4167-8648-0A197E0C395D}.Debug|Any CPU.ActiveCfg = Debug|Any CPU
		{F1F84A4F-C452-4167-8648-0A197E0C395D}.Debug|Any CPU.Build.0 = Debug|Any CPU
		{F1F84A4F-C452-4167-8648-0A197E0C395D}.Release|Any CPU.ActiveCfg = Release|Any CPU
		{F1F84A4F-C452-4167-8648-0A197E0C395D}.Release|Any CPU.Build.0 = Release|Any CPU
		{07C4F33B-004C-4F63-885B-BAF04460255B}.Debug|Any CPU.ActiveCfg = Debug|Any CPU
		{07C4F33B-004C-4F63-885B-BAF04460255B}.Debug|Any CPU.Build.0 = Debug|Any CPU
		{07C4F33B-004C-4F63-885B-BAF04460255B}.Release|Any CPU.ActiveCfg = Release|Any CPU
		{07C4F33B-004C-4F63-885B-BAF04460255B}.Release|Any CPU.Build.0 = Release|Any CPU
		{3CB24D53-4B92-41D5-BDB7-565241044DDB}.Debug|Any CPU.ActiveCfg = Debug|Any CPU
		{3CB24D53-4B92-41D5-BDB7-565241044DDB}.Debug|Any CPU.Build.0 = Debug|Any CPU
		{3CB24D53-4B92-41D5-BDB7-565241044DDB}.Release|Any CPU.ActiveCfg = Release|Any CPU
		{3CB24D53-4B92-41D5-BDB7-565241044DDB}.Release|Any CPU.Build.0 = Release|Any CPU
	EndGlobalSection
	GlobalSection(SolutionProperties) = preSolution
		HideSolutionNode = FALSE
	EndGlobalSection
	GlobalSection(ExtensibilityGlobals) = postSolution
		SolutionGuid = {6F033181-B4E1-40AC-BF85-7DB0A17C8596}
	EndGlobalSection
EndGlobal
